
Microsoft Visual Studio Solution File, Format Version 12.00
# Visual Studio Version 17
VisualStudioVersion = 17.0.31903.59
MinimumVisualStudioVersion = 10.0.40219.1
Project("{2150E333-8FDC-42A3-9474-1A3956D46DE8}") = "src", "src", "{A8B29506-9CB9-49BF-ABA2-BB16CA4E7556}"
EndProject
Project("{2150E333-8FDC-42A3-9474-1A3956D46DE8}") = "Core", "Core", "{9A5DAEB8-42A0-4AAC-88BB-87F1541836D4}"
EndProject
Project("{FAE04EC0-301F-11D3-BF4B-00C04F79EFBC}") = "Common", "src\Core\Common\Common.csproj", "{645B9E23-1ED4-4311-AF0D-BC24DE92DD90}"
EndProject
Project("{2150E333-8FDC-42A3-9474-1A3956D46DE8}") = "Builders", "Builders", "{3E83477B-CCA5-4805-A544-56562B4112DE}"
EndProject
Project("{FAE04EC0-301F-11D3-BF4B-00C04F79EFBC}") = "Common", "src\Builders\Common\Common.csproj", "{DE7AB9F1-D47A-410D-B2B3-8F26E8AA0912}"
EndProject
Project("{FAE04EC0-301F-11D3-BF4B-00C04F79EFBC}") = "Common.Tests", "src\Builders\Common.Tests\Common.Tests.csproj", "{03F436A4-9B70-4C00-99FE-2D04D8696487}"
EndProject
Project("{2150E333-8FDC-42A3-9474-1A3956D46DE8}") = "GameRuler", "GameRuler", "{DD591BC0-D16B-40BF-84AB-411D5F83149E}"
EndProject
Project("{FAE04EC0-301F-11D3-BF4B-00C04F79EFBC}") = "Common", "src\GameRuler\Common\Common.csproj", "{4D494A86-058F-4E86-92F4-4988351E541E}"
EndProject
Project("{FAE04EC0-301F-11D3-BF4B-00C04F79EFBC}") = "Common.Tests", "src\GameRuler\Common.Tests\Common.Tests.csproj", "{F79380FD-A5AE-4E39-ABE3-B0C99E3D25D5}"
EndProject
Project("{2150E333-8FDC-42A3-9474-1A3956D46DE8}") = "Models", "Models", "{BA24288A-65AF-4C6E-962C-8BDA883D087A}"
EndProject
Project("{FAE04EC0-301F-11D3-BF4B-00C04F79EFBC}") = "Common", "src\Models\Common\Common.csproj", "{310D0538-A652-45C5-B23E-1B14AFDCA59A}"
EndProject
Project("{FAE04EC0-301F-11D3-BF4B-00C04F79EFBC}") = "JsonModels", "src\Models\JsonModels\JsonModels.csproj", "{2CA63244-A415-4F3B-A94F-4C4A3DB08CB8}"
EndProject
Project("{2150E333-8FDC-42A3-9474-1A3956D46DE8}") = "Repository", "Repository", "{7CB422CA-C9ED-420B-A465-9CAFB04E6B2F}"
EndProject
Project("{FAE04EC0-301F-11D3-BF4B-00C04F79EFBC}") = "Common", "src\Repository\Common\Common.csproj", "{45816DC5-8EDF-4075-9649-18142646413E}"
EndProject
Project("{FAE04EC0-301F-11D3-BF4B-00C04F79EFBC}") = "LocalRepository", "src\Repository\LocalRepository\LocalRepository.csproj", "{97A616E5-A58C-4DA2-A007-1703FDE3C67D}"
EndProject
Project("{FAE04EC0-301F-11D3-BF4B-00C04F79EFBC}") = "LocalRepository.Tests", "src\Repository\LocalRepository.Tests\LocalRepository.Tests.csproj", "{C3305D7B-89BB-47F7-9024-C5FE72C517C8}"
EndProject
Project("{2150E333-8FDC-42A3-9474-1A3956D46DE8}") = "View", "View", "{5152052B-BE7E-4535-868C-1E2A3EE7B722}"
EndProject
Project("{FAE04EC0-301F-11D3-BF4B-00C04F79EFBC}") = "Common", "src\View\Common\Common.csproj", "{4E5D648F-65E7-45CA-8410-7B137E6CC89C}"
EndProject
Global
	GlobalSection(SolutionProperties) = preSolution
		HideSolutionNode = FALSE
	EndGlobalSection
	GlobalSection(SolutionConfigurationPlatforms) = preSolution
		Debug|Any CPU = Debug|Any CPU
		Debug|x64 = Debug|x64
		Debug|x86 = Debug|x86
		Release|Any CPU = Release|Any CPU
		Release|x64 = Release|x64
		Release|x86 = Release|x86
	EndGlobalSection
	GlobalSection(ProjectConfigurationPlatforms) = postSolution
		{645B9E23-1ED4-4311-AF0D-BC24DE92DD90}.Debug|Any CPU.ActiveCfg = Debug|Any CPU
		{645B9E23-1ED4-4311-AF0D-BC24DE92DD90}.Debug|Any CPU.Build.0 = Debug|Any CPU
		{645B9E23-1ED4-4311-AF0D-BC24DE92DD90}.Debug|x64.ActiveCfg = Debug|Any CPU
		{645B9E23-1ED4-4311-AF0D-BC24DE92DD90}.Debug|x64.Build.0 = Debug|Any CPU
		{645B9E23-1ED4-4311-AF0D-BC24DE92DD90}.Debug|x86.ActiveCfg = Debug|Any CPU
		{645B9E23-1ED4-4311-AF0D-BC24DE92DD90}.Debug|x86.Build.0 = Debug|Any CPU
		{645B9E23-1ED4-4311-AF0D-BC24DE92DD90}.Release|Any CPU.ActiveCfg = Release|Any CPU
		{645B9E23-1ED4-4311-AF0D-BC24DE92DD90}.Release|Any CPU.Build.0 = Release|Any CPU
		{645B9E23-1ED4-4311-AF0D-BC24DE92DD90}.Release|x64.ActiveCfg = Release|Any CPU
		{645B9E23-1ED4-4311-AF0D-BC24DE92DD90}.Release|x64.Build.0 = Release|Any CPU
		{645B9E23-1ED4-4311-AF0D-BC24DE92DD90}.Release|x86.ActiveCfg = Release|Any CPU
		{645B9E23-1ED4-4311-AF0D-BC24DE92DD90}.Release|x86.Build.0 = Release|Any CPU
		{DE7AB9F1-D47A-410D-B2B3-8F26E8AA0912}.Debug|Any CPU.ActiveCfg = Debug|Any CPU
		{DE7AB9F1-D47A-410D-B2B3-8F26E8AA0912}.Debug|Any CPU.Build.0 = Debug|Any CPU
		{DE7AB9F1-D47A-410D-B2B3-8F26E8AA0912}.Debug|x64.ActiveCfg = Debug|Any CPU
		{DE7AB9F1-D47A-410D-B2B3-8F26E8AA0912}.Debug|x64.Build.0 = Debug|Any CPU
		{DE7AB9F1-D47A-410D-B2B3-8F26E8AA0912}.Debug|x86.ActiveCfg = Debug|Any CPU
		{DE7AB9F1-D47A-410D-B2B3-8F26E8AA0912}.Debug|x86.Build.0 = Debug|Any CPU
		{DE7AB9F1-D47A-410D-B2B3-8F26E8AA0912}.Release|Any CPU.ActiveCfg = Release|Any CPU
		{DE7AB9F1-D47A-410D-B2B3-8F26E8AA0912}.Release|Any CPU.Build.0 = Release|Any CPU
		{DE7AB9F1-D47A-410D-B2B3-8F26E8AA0912}.Release|x64.ActiveCfg = Release|Any CPU
		{DE7AB9F1-D47A-410D-B2B3-8F26E8AA0912}.Release|x64.Build.0 = Release|Any CPU
		{DE7AB9F1-D47A-410D-B2B3-8F26E8AA0912}.Release|x86.ActiveCfg = Release|Any CPU
		{DE7AB9F1-D47A-410D-B2B3-8F26E8AA0912}.Release|x86.Build.0 = Release|Any CPU
		{03F436A4-9B70-4C00-99FE-2D04D8696487}.Debug|Any CPU.ActiveCfg = Debug|Any CPU
		{03F436A4-9B70-4C00-99FE-2D04D8696487}.Debug|Any CPU.Build.0 = Debug|Any CPU
		{03F436A4-9B70-4C00-99FE-2D04D8696487}.Debug|x64.ActiveCfg = Debug|Any CPU
		{03F436A4-9B70-4C00-99FE-2D04D8696487}.Debug|x64.Build.0 = Debug|Any CPU
		{03F436A4-9B70-4C00-99FE-2D04D8696487}.Debug|x86.ActiveCfg = Debug|Any CPU
		{03F436A4-9B70-4C00-99FE-2D04D8696487}.Debug|x86.Build.0 = Debug|Any CPU
		{03F436A4-9B70-4C00-99FE-2D04D8696487}.Release|Any CPU.ActiveCfg = Release|Any CPU
		{03F436A4-9B70-4C00-99FE-2D04D8696487}.Release|Any CPU.Build.0 = Release|Any CPU
		{03F436A4-9B70-4C00-99FE-2D04D8696487}.Release|x64.ActiveCfg = Release|Any CPU
		{03F436A4-9B70-4C00-99FE-2D04D8696487}.Release|x64.Build.0 = Release|Any CPU
		{03F436A4-9B70-4C00-99FE-2D04D8696487}.Release|x86.ActiveCfg = Release|Any CPU
		{03F436A4-9B70-4C00-99FE-2D04D8696487}.Release|x86.Build.0 = Release|Any CPU
		{4D494A86-058F-4E86-92F4-4988351E541E}.Debug|Any CPU.ActiveCfg = Debug|Any CPU
		{4D494A86-058F-4E86-92F4-4988351E541E}.Debug|Any CPU.Build.0 = Debug|Any CPU
		{4D494A86-058F-4E86-92F4-4988351E541E}.Debug|x64.ActiveCfg = Debug|Any CPU
		{4D494A86-058F-4E86-92F4-4988351E541E}.Debug|x64.Build.0 = Debug|Any CPU
		{4D494A86-058F-4E86-92F4-4988351E541E}.Debug|x86.ActiveCfg = Debug|Any CPU
		{4D494A86-058F-4E86-92F4-4988351E541E}.Debug|x86.Build.0 = Debug|Any CPU
		{4D494A86-058F-4E86-92F4-4988351E541E}.Release|Any CPU.ActiveCfg = Release|Any CPU
		{4D494A86-058F-4E86-92F4-4988351E541E}.Release|Any CPU.Build.0 = Release|Any CPU
		{4D494A86-058F-4E86-92F4-4988351E541E}.Release|x64.ActiveCfg = Release|Any CPU
		{4D494A86-058F-4E86-92F4-4988351E541E}.Release|x64.Build.0 = Release|Any CPU
		{4D494A86-058F-4E86-92F4-4988351E541E}.Release|x86.ActiveCfg = Release|Any CPU
		{4D494A86-058F-4E86-92F4-4988351E541E}.Release|x86.Build.0 = Release|Any CPU
		{F79380FD-A5AE-4E39-ABE3-B0C99E3D25D5}.Debug|Any CPU.ActiveCfg = Debug|Any CPU
		{F79380FD-A5AE-4E39-ABE3-B0C99E3D25D5}.Debug|Any CPU.Build.0 = Debug|Any CPU
		{F79380FD-A5AE-4E39-ABE3-B0C99E3D25D5}.Debug|x64.ActiveCfg = Debug|Any CPU
		{F79380FD-A5AE-4E39-ABE3-B0C99E3D25D5}.Debug|x64.Build.0 = Debug|Any CPU
		{F79380FD-A5AE-4E39-ABE3-B0C99E3D25D5}.Debug|x86.ActiveCfg = Debug|Any CPU
		{F79380FD-A5AE-4E39-ABE3-B0C99E3D25D5}.Debug|x86.Build.0 = Debug|Any CPU
		{F79380FD-A5AE-4E39-ABE3-B0C99E3D25D5}.Release|Any CPU.ActiveCfg = Release|Any CPU
		{F79380FD-A5AE-4E39-ABE3-B0C99E3D25D5}.Release|Any CPU.Build.0 = Release|Any CPU
		{F79380FD-A5AE-4E39-ABE3-B0C99E3D25D5}.Release|x64.ActiveCfg = Release|Any CPU
		{F79380FD-A5AE-4E39-ABE3-B0C99E3D25D5}.Release|x64.Build.0 = Release|Any CPU
		{F79380FD-A5AE-4E39-ABE3-B0C99E3D25D5}.Release|x86.ActiveCfg = Release|Any CPU
		{F79380FD-A5AE-4E39-ABE3-B0C99E3D25D5}.Release|x86.Build.0 = Release|Any CPU
		{310D0538-A652-45C5-B23E-1B14AFDCA59A}.Debug|Any CPU.ActiveCfg = Debug|Any CPU
		{310D0538-A652-45C5-B23E-1B14AFDCA59A}.Debug|Any CPU.Build.0 = Debug|Any CPU
		{310D0538-A652-45C5-B23E-1B14AFDCA59A}.Debug|x64.ActiveCfg = Debug|Any CPU
		{310D0538-A652-45C5-B23E-1B14AFDCA59A}.Debug|x64.Build.0 = Debug|Any CPU
		{310D0538-A652-45C5-B23E-1B14AFDCA59A}.Debug|x86.ActiveCfg = Debug|Any CPU
		{310D0538-A652-45C5-B23E-1B14AFDCA59A}.Debug|x86.Build.0 = Debug|Any CPU
		{310D0538-A652-45C5-B23E-1B14AFDCA59A}.Release|Any CPU.ActiveCfg = Release|Any CPU
		{310D0538-A652-45C5-B23E-1B14AFDCA59A}.Release|Any CPU.Build.0 = Release|Any CPU
		{310D0538-A652-45C5-B23E-1B14AFDCA59A}.Release|x64.ActiveCfg = Release|Any CPU
		{310D0538-A652-45C5-B23E-1B14AFDCA59A}.Release|x64.Build.0 = Release|Any CPU
		{310D0538-A652-45C5-B23E-1B14AFDCA59A}.Release|x86.ActiveCfg = Release|Any CPU
		{310D0538-A652-45C5-B23E-1B14AFDCA59A}.Release|x86.Build.0 = Release|Any CPU
		{2CA63244-A415-4F3B-A94F-4C4A3DB08CB8}.Debug|Any CPU.ActiveCfg = Debug|Any CPU
		{2CA63244-A415-4F3B-A94F-4C4A3DB08CB8}.Debug|Any CPU.Build.0 = Debug|Any CPU
		{2CA63244-A415-4F3B-A94F-4C4A3DB08CB8}.Debug|x64.ActiveCfg = Debug|Any CPU
		{2CA63244-A415-4F3B-A94F-4C4A3DB08CB8}.Debug|x64.Build.0 = Debug|Any CPU
		{2CA63244-A415-4F3B-A94F-4C4A3DB08CB8}.Debug|x86.ActiveCfg = Debug|Any CPU
		{2CA63244-A415-4F3B-A94F-4C4A3DB08CB8}.Debug|x86.Build.0 = Debug|Any CPU
		{2CA63244-A415-4F3B-A94F-4C4A3DB08CB8}.Release|Any CPU.ActiveCfg = Release|Any CPU
		{2CA63244-A415-4F3B-A94F-4C4A3DB08CB8}.Release|Any CPU.Build.0 = Release|Any CPU
		{2CA63244-A415-4F3B-A94F-4C4A3DB08CB8}.Release|x64.ActiveCfg = Release|Any CPU
		{2CA63244-A415-4F3B-A94F-4C4A3DB08CB8}.Release|x64.Build.0 = Release|Any CPU
		{2CA63244-A415-4F3B-A94F-4C4A3DB08CB8}.Release|x86.ActiveCfg = Release|Any CPU
		{2CA63244-A415-4F3B-A94F-4C4A3DB08CB8}.Release|x86.Build.0 = Release|Any CPU
		{45816DC5-8EDF-4075-9649-18142646413E}.Debug|Any CPU.ActiveCfg = Debug|Any CPU
		{45816DC5-8EDF-4075-9649-18142646413E}.Debug|Any CPU.Build.0 = Debug|Any CPU
		{45816DC5-8EDF-4075-9649-18142646413E}.Debug|x64.ActiveCfg = Debug|Any CPU
		{45816DC5-8EDF-4075-9649-18142646413E}.Debug|x64.Build.0 = Debug|Any CPU
		{45816DC5-8EDF-4075-9649-18142646413E}.Debug|x86.ActiveCfg = Debug|Any CPU
		{45816DC5-8EDF-4075-9649-18142646413E}.Debug|x86.Build.0 = Debug|Any CPU
		{45816DC5-8EDF-4075-9649-18142646413E}.Release|Any CPU.ActiveCfg = Release|Any CPU
		{45816DC5-8EDF-4075-9649-18142646413E}.Release|Any CPU.Build.0 = Release|Any CPU
		{45816DC5-8EDF-4075-9649-18142646413E}.Release|x64.ActiveCfg = Release|Any CPU
		{45816DC5-8EDF-4075-9649-18142646413E}.Release|x64.Build.0 = Release|Any CPU
		{45816DC5-8EDF-4075-9649-18142646413E}.Release|x86.ActiveCfg = Release|Any CPU
		{45816DC5-8EDF-4075-9649-18142646413E}.Release|x86.Build.0 = Release|Any CPU
		{97A616E5-A58C-4DA2-A007-1703FDE3C67D}.Debug|Any CPU.ActiveCfg = Debug|Any CPU
		{97A616E5-A58C-4DA2-A007-1703FDE3C67D}.Debug|Any CPU.Build.0 = Debug|Any CPU
		{97A616E5-A58C-4DA2-A007-1703FDE3C67D}.Debug|x64.ActiveCfg = Debug|Any CPU
		{97A616E5-A58C-4DA2-A007-1703FDE3C67D}.Debug|x64.Build.0 = Debug|Any CPU
		{97A616E5-A58C-4DA2-A007-1703FDE3C67D}.Debug|x86.ActiveCfg = Debug|Any CPU
		{97A616E5-A58C-4DA2-A007-1703FDE3C67D}.Debug|x86.Build.0 = Debug|Any CPU
		{97A616E5-A58C-4DA2-A007-1703FDE3C67D}.Release|Any CPU.ActiveCfg = Release|Any CPU
		{97A616E5-A58C-4DA2-A007-1703FDE3C67D}.Release|Any CPU.Build.0 = Release|Any CPU
		{97A616E5-A58C-4DA2-A007-1703FDE3C67D}.Release|x64.ActiveCfg = Release|Any CPU
		{97A616E5-A58C-4DA2-A007-1703FDE3C67D}.Release|x64.Build.0 = Release|Any CPU
		{97A616E5-A58C-4DA2-A007-1703FDE3C67D}.Release|x86.ActiveCfg = Release|Any CPU
		{97A616E5-A58C-4DA2-A007-1703FDE3C67D}.Release|x86.Build.0 = Release|Any CPU
		{C3305D7B-89BB-47F7-9024-C5FE72C517C8}.Debug|Any CPU.ActiveCfg = Debug|Any CPU
		{C3305D7B-89BB-47F7-9024-C5FE72C517C8}.Debug|Any CPU.Build.0 = Debug|Any CPU
		{C3305D7B-89BB-47F7-9024-C5FE72C517C8}.Debug|x64.ActiveCfg = Debug|Any CPU
		{C3305D7B-89BB-47F7-9024-C5FE72C517C8}.Debug|x64.Build.0 = Debug|Any CPU
		{C3305D7B-89BB-47F7-9024-C5FE72C517C8}.Debug|x86.ActiveCfg = Debug|Any CPU
		{C3305D7B-89BB-47F7-9024-C5FE72C517C8}.Debug|x86.Build.0 = Debug|Any CPU
		{C3305D7B-89BB-47F7-9024-C5FE72C517C8}.Release|Any CPU.ActiveCfg = Release|Any CPU
		{C3305D7B-89BB-47F7-9024-C5FE72C517C8}.Release|Any CPU.Build.0 = Release|Any CPU
		{C3305D7B-89BB-47F7-9024-C5FE72C517C8}.Release|x64.ActiveCfg = Release|Any CPU
		{C3305D7B-89BB-47F7-9024-C5FE72C517C8}.Release|x64.Build.0 = Release|Any CPU
		{C3305D7B-89BB-47F7-9024-C5FE72C517C8}.Release|x86.ActiveCfg = Release|Any CPU
		{C3305D7B-89BB-47F7-9024-C5FE72C517C8}.Release|x86.Build.0 = Release|Any CPU
		{4E5D648F-65E7-45CA-8410-7B137E6CC89C}.Debug|Any CPU.ActiveCfg = Debug|Any CPU
		{4E5D648F-65E7-45CA-8410-7B137E6CC89C}.Debug|Any CPU.Build.0 = Debug|Any CPU
		{4E5D648F-65E7-45CA-8410-7B137E6CC89C}.Debug|x64.ActiveCfg = Debug|Any CPU
		{4E5D648F-65E7-45CA-8410-7B137E6CC89C}.Debug|x64.Build.0 = Debug|Any CPU
		{4E5D648F-65E7-45CA-8410-7B137E6CC89C}.Debug|x86.ActiveCfg = Debug|Any CPU
		{4E5D648F-65E7-45CA-8410-7B137E6CC89C}.Debug|x86.Build.0 = Debug|Any CPU
		{4E5D648F-65E7-45CA-8410-7B137E6CC89C}.Release|Any CPU.ActiveCfg = Release|Any CPU
		{4E5D648F-65E7-45CA-8410-7B137E6CC89C}.Release|Any CPU.Build.0 = Release|Any CPU
		{4E5D648F-65E7-45CA-8410-7B137E6CC89C}.Release|x64.ActiveCfg = Release|Any CPU
		{4E5D648F-65E7-45CA-8410-7B137E6CC89C}.Release|x64.Build.0 = Release|Any CPU
		{4E5D648F-65E7-45CA-8410-7B137E6CC89C}.Release|x86.ActiveCfg = Release|Any CPU
		{4E5D648F-65E7-45CA-8410-7B137E6CC89C}.Release|x86.Build.0 = Release|Any CPU
	EndGlobalSection
	GlobalSection(NestedProjects) = preSolution
		{9A5DAEB8-42A0-4AAC-88BB-87F1541836D4} = {A8B29506-9CB9-49BF-ABA2-BB16CA4E7556}
		{645B9E23-1ED4-4311-AF0D-BC24DE92DD90} = {9A5DAEB8-42A0-4AAC-88BB-87F1541836D4}
		{3E83477B-CCA5-4805-A544-56562B4112DE} = {A8B29506-9CB9-49BF-ABA2-BB16CA4E7556}
		{DE7AB9F1-D47A-410D-B2B3-8F26E8AA0912} = {3E83477B-CCA5-4805-A544-56562B4112DE}
		{03F436A4-9B70-4C00-99FE-2D04D8696487} = {3E83477B-CCA5-4805-A544-56562B4112DE}
		{DD591BC0-D16B-40BF-84AB-411D5F83149E} = {A8B29506-9CB9-49BF-ABA2-BB16CA4E7556}
		{4D494A86-058F-4E86-92F4-4988351E541E} = {DD591BC0-D16B-40BF-84AB-411D5F83149E}
		{F79380FD-A5AE-4E39-ABE3-B0C99E3D25D5} = {DD591BC0-D16B-40BF-84AB-411D5F83149E}
		{BA24288A-65AF-4C6E-962C-8BDA883D087A} = {A8B29506-9CB9-49BF-ABA2-BB16CA4E7556}
		{310D0538-A652-45C5-B23E-1B14AFDCA59A} = {BA24288A-65AF-4C6E-962C-8BDA883D087A}
		{2CA63244-A415-4F3B-A94F-4C4A3DB08CB8} = {BA24288A-65AF-4C6E-962C-8BDA883D087A}
		{7CB422CA-C9ED-420B-A465-9CAFB04E6B2F} = {A8B29506-9CB9-49BF-ABA2-BB16CA4E7556}
		{45816DC5-8EDF-4075-9649-18142646413E} = {7CB422CA-C9ED-420B-A465-9CAFB04E6B2F}
		{97A616E5-A58C-4DA2-A007-1703FDE3C67D} = {7CB422CA-C9ED-420B-A465-9CAFB04E6B2F}
		{C3305D7B-89BB-47F7-9024-C5FE72C517C8} = {7CB422CA-C9ED-420B-A465-9CAFB04E6B2F}
		{5152052B-BE7E-4535-868C-1E2A3EE7B722} = {A8B29506-9CB9-49BF-ABA2-BB16CA4E7556}
		{4E5D648F-65E7-45CA-8410-7B137E6CC89C} = {5152052B-BE7E-4535-868C-1E2A3EE7B722}
	EndGlobalSection
EndGlobal
