
Microsoft Visual Studio Solution File, Format Version 12.00
# Visual Studio Version 17
VisualStudioVersion = 17.0.31903.59
MinimumVisualStudioVersion = 10.0.40219.1
Project("{2150E333-8FDC-42A3-9474-1A3956D46DE8}") = "src", "src", "{CAE11784-6612-4974-AE36-A424FC59F3F3}"
EndProject
Project("{2150E333-8FDC-42A3-9474-1A3956D46DE8}") = "Builder", "Builder", "{33D53ACE-7309-4284-AB17-8B13E52386EB}"
EndProject
Project("{FAE04EC0-301F-11D3-BF4B-00C04F79EFBC}") = "Builder.Common", "src\Builder\Builder.Common\Builder.Common.csproj", "{CD663ED7-76DD-4013-ACFB-1AC9C7C7C865}"
EndProject
Project("{FAE04EC0-301F-11D3-BF4B-00C04F79EFBC}") = "Builder.Common.Tests", "src\Builder\Builder.Common.Tests\Builder.Common.Tests.csproj", "{55647F45-1540-4C32-8FEB-9DFD4032A5E2}"
EndProject
Project("{2150E333-8FDC-42A3-9474-1A3956D46DE8}") = "Core", "Core", "{EA49269B-7F39-47B5-8933-DD386D3757E9}"
EndProject
Project("{FAE04EC0-301F-11D3-BF4B-00C04F79EFBC}") = "Core.Common", "src\Core\Core.Common\Core.Common.csproj", "{5C1A7A6E-F643-4FAA-9B71-E43C1AD0B0C9}"
EndProject
Project("{2150E333-8FDC-42A3-9474-1A3956D46DE8}") = "GameRuler", "GameRuler", "{B2E0BD7C-E6E9-4843-A83B-C454D9FD6047}"
EndProject
Project("{FAE04EC0-301F-11D3-BF4B-00C04F79EFBC}") = "GameRuler.Common", "src\GameRuler\GameRuler.Common\GameRuler.Common.csproj", "{657635F1-9A98-46A9-A05F-C8547EF85394}"
EndProject
Project("{FAE04EC0-301F-11D3-BF4B-00C04F79EFBC}") = "GameRuler.Common.Tests", "src\GameRuler\GameRuler.Common.Tests\GameRuler.Common.Tests.csproj", "{41600521-9BD1-4249-B365-C73C11585F5E}"
EndProject
Project("{2150E333-8FDC-42A3-9474-1A3956D46DE8}") = "Model", "Model", "{B3159BA0-C5BD-45E9-BAD8-BD728ADA41BE}"
EndProject
Project("{FAE04EC0-301F-11D3-BF4B-00C04F79EFBC}") = "Model.Common", "src\Model\Model.Common\Model.Common.csproj", "{75374970-3E59-4F28-8CE9-7CB7697B2777}"
EndProject
Project("{2150E333-8FDC-42A3-9474-1A3956D46DE8}") = "Repository", "Repository", "{D6992173-AF59-4524-8C48-9B9590C70568}"
EndProject
Project("{FAE04EC0-301F-11D3-BF4B-00C04F79EFBC}") = "Repository.Common", "src\Repository\Repository.Common\Repository.Common.csproj", "{535D4144-4DBB-46AD-B991-FBE3BBEE35C8}"
EndProject
Project("{FAE04EC0-301F-11D3-BF4B-00C04F79EFBC}") = "LocalRepository", "src\Repository\LocalRepository\LocalRepository.csproj", "{C88E2297-F885-432E-A1E7-1AF9CCA6ACEA}"
EndProject
Project("{FAE04EC0-301F-11D3-BF4B-00C04F79EFBC}") = "LocalRepository.Tests", "src\Repository\LocalRepository.Tests\LocalRepository.Tests.csproj", "{D9ADD2F0-89BC-4916-9201-76F7D4639D3B}"
EndProject
Project("{2150E333-8FDC-42A3-9474-1A3956D46DE8}") = "View", "View", "{63893073-37F9-4B4F-9E7A-8CD8950ED581}"
EndProject
Project("{FAE04EC0-301F-11D3-BF4B-00C04F79EFBC}") = "View.Common", "src\View\View.Common\View.Common.csproj", "{8B735CF8-93A7-4902-8A9E-D8612AD25771}"
EndProject
Project("{FAE04EC0-301F-11D3-BF4B-00C04F79EFBC}") = "Caching", "src\Repository\Caching\Caching.csproj", "{C1252E8D-A7FA-4D9C-B5C3-1F53AD37D3F2}"
EndProject
Global
	GlobalSection(SolutionConfigurationPlatforms) = preSolution
		Debug|Any CPU = Debug|Any CPU
		Release|Any CPU = Release|Any CPU
	EndGlobalSection
	GlobalSection(SolutionProperties) = preSolution
		HideSolutionNode = FALSE
	EndGlobalSection
	GlobalSection(ProjectConfigurationPlatforms) = postSolution
		{CD663ED7-76DD-4013-ACFB-1AC9C7C7C865}.Debug|Any CPU.ActiveCfg = Debug|Any CPU
		{CD663ED7-76DD-4013-ACFB-1AC9C7C7C865}.Debug|Any CPU.Build.0 = Debug|Any CPU
		{CD663ED7-76DD-4013-ACFB-1AC9C7C7C865}.Release|Any CPU.ActiveCfg = Release|Any CPU
		{CD663ED7-76DD-4013-ACFB-1AC9C7C7C865}.Release|Any CPU.Build.0 = Release|Any CPU
		{55647F45-1540-4C32-8FEB-9DFD4032A5E2}.Debug|Any CPU.ActiveCfg = Debug|Any CPU
		{55647F45-1540-4C32-8FEB-9DFD4032A5E2}.Debug|Any CPU.Build.0 = Debug|Any CPU
		{55647F45-1540-4C32-8FEB-9DFD4032A5E2}.Release|Any CPU.ActiveCfg = Release|Any CPU
		{55647F45-1540-4C32-8FEB-9DFD4032A5E2}.Release|Any CPU.Build.0 = Release|Any CPU
		{5C1A7A6E-F643-4FAA-9B71-E43C1AD0B0C9}.Debug|Any CPU.ActiveCfg = Debug|Any CPU
		{5C1A7A6E-F643-4FAA-9B71-E43C1AD0B0C9}.Debug|Any CPU.Build.0 = Debug|Any CPU
		{5C1A7A6E-F643-4FAA-9B71-E43C1AD0B0C9}.Release|Any CPU.ActiveCfg = Release|Any CPU
		{5C1A7A6E-F643-4FAA-9B71-E43C1AD0B0C9}.Release|Any CPU.Build.0 = Release|Any CPU
		{657635F1-9A98-46A9-A05F-C8547EF85394}.Debug|Any CPU.ActiveCfg = Debug|Any CPU
		{657635F1-9A98-46A9-A05F-C8547EF85394}.Debug|Any CPU.Build.0 = Debug|Any CPU
		{657635F1-9A98-46A9-A05F-C8547EF85394}.Release|Any CPU.ActiveCfg = Release|Any CPU
		{657635F1-9A98-46A9-A05F-C8547EF85394}.Release|Any CPU.Build.0 = Release|Any CPU
		{41600521-9BD1-4249-B365-C73C11585F5E}.Debug|Any CPU.ActiveCfg = Debug|Any CPU
		{41600521-9BD1-4249-B365-C73C11585F5E}.Debug|Any CPU.Build.0 = Debug|Any CPU
		{41600521-9BD1-4249-B365-C73C11585F5E}.Release|Any CPU.ActiveCfg = Release|Any CPU
		{41600521-9BD1-4249-B365-C73C11585F5E}.Release|Any CPU.Build.0 = Release|Any CPU
		{75374970-3E59-4F28-8CE9-7CB7697B2777}.Debug|Any CPU.ActiveCfg = Debug|Any CPU
		{75374970-3E59-4F28-8CE9-7CB7697B2777}.Debug|Any CPU.Build.0 = Debug|Any CPU
		{75374970-3E59-4F28-8CE9-7CB7697B2777}.Release|Any CPU.ActiveCfg = Release|Any CPU
		{75374970-3E59-4F28-8CE9-7CB7697B2777}.Release|Any CPU.Build.0 = Release|Any CPU
		{535D4144-4DBB-46AD-B991-FBE3BBEE35C8}.Debug|Any CPU.ActiveCfg = Debug|Any CPU
		{535D4144-4DBB-46AD-B991-FBE3BBEE35C8}.Debug|Any CPU.Build.0 = Debug|Any CPU
		{535D4144-4DBB-46AD-B991-FBE3BBEE35C8}.Release|Any CPU.ActiveCfg = Release|Any CPU
		{535D4144-4DBB-46AD-B991-FBE3BBEE35C8}.Release|Any CPU.Build.0 = Release|Any CPU
		{C88E2297-F885-432E-A1E7-1AF9CCA6ACEA}.Debug|Any CPU.ActiveCfg = Debug|Any CPU
		{C88E2297-F885-432E-A1E7-1AF9CCA6ACEA}.Debug|Any CPU.Build.0 = Debug|Any CPU
		{C88E2297-F885-432E-A1E7-1AF9CCA6ACEA}.Release|Any CPU.ActiveCfg = Release|Any CPU
		{C88E2297-F885-432E-A1E7-1AF9CCA6ACEA}.Release|Any CPU.Build.0 = Release|Any CPU
		{D9ADD2F0-89BC-4916-9201-76F7D4639D3B}.Debug|Any CPU.ActiveCfg = Debug|Any CPU
		{D9ADD2F0-89BC-4916-9201-76F7D4639D3B}.Debug|Any CPU.Build.0 = Debug|Any CPU
		{D9ADD2F0-89BC-4916-9201-76F7D4639D3B}.Release|Any CPU.ActiveCfg = Release|Any CPU
		{D9ADD2F0-89BC-4916-9201-76F7D4639D3B}.Release|Any CPU.Build.0 = Release|Any CPU
		{8B735CF8-93A7-4902-8A9E-D8612AD25771}.Debug|Any CPU.ActiveCfg = Debug|Any CPU
		{8B735CF8-93A7-4902-8A9E-D8612AD25771}.Debug|Any CPU.Build.0 = Debug|Any CPU
		{8B735CF8-93A7-4902-8A9E-D8612AD25771}.Release|Any CPU.ActiveCfg = Release|Any CPU
		{8B735CF8-93A7-4902-8A9E-D8612AD25771}.Release|Any CPU.Build.0 = Release|Any CPU
		{C1252E8D-A7FA-4D9C-B5C3-1F53AD37D3F2}.Debug|Any CPU.ActiveCfg = Debug|Any CPU
		{C1252E8D-A7FA-4D9C-B5C3-1F53AD37D3F2}.Debug|Any CPU.Build.0 = Debug|Any CPU
		{C1252E8D-A7FA-4D9C-B5C3-1F53AD37D3F2}.Release|Any CPU.ActiveCfg = Release|Any CPU
		{C1252E8D-A7FA-4D9C-B5C3-1F53AD37D3F2}.Release|Any CPU.Build.0 = Release|Any CPU
	EndGlobalSection
	GlobalSection(NestedProjects) = preSolution
		{33D53ACE-7309-4284-AB17-8B13E52386EB} = {CAE11784-6612-4974-AE36-A424FC59F3F3}
		{CD663ED7-76DD-4013-ACFB-1AC9C7C7C865} = {33D53ACE-7309-4284-AB17-8B13E52386EB}
		{55647F45-1540-4C32-8FEB-9DFD4032A5E2} = {33D53ACE-7309-4284-AB17-8B13E52386EB}
		{EA49269B-7F39-47B5-8933-DD386D3757E9} = {CAE11784-6612-4974-AE36-A424FC59F3F3}
		{5C1A7A6E-F643-4FAA-9B71-E43C1AD0B0C9} = {EA49269B-7F39-47B5-8933-DD386D3757E9}
		{B2E0BD7C-E6E9-4843-A83B-C454D9FD6047} = {CAE11784-6612-4974-AE36-A424FC59F3F3}
		{657635F1-9A98-46A9-A05F-C8547EF85394} = {B2E0BD7C-E6E9-4843-A83B-C454D9FD6047}
		{41600521-9BD1-4249-B365-C73C11585F5E} = {B2E0BD7C-E6E9-4843-A83B-C454D9FD6047}
		{B3159BA0-C5BD-45E9-BAD8-BD728ADA41BE} = {CAE11784-6612-4974-AE36-A424FC59F3F3}
		{75374970-3E59-4F28-8CE9-7CB7697B2777} = {B3159BA0-C5BD-45E9-BAD8-BD728ADA41BE}
		{D6992173-AF59-4524-8C48-9B9590C70568} = {CAE11784-6612-4974-AE36-A424FC59F3F3}
		{535D4144-4DBB-46AD-B991-FBE3BBEE35C8} = {D6992173-AF59-4524-8C48-9B9590C70568}
		{C88E2297-F885-432E-A1E7-1AF9CCA6ACEA} = {D6992173-AF59-4524-8C48-9B9590C70568}
		{D9ADD2F0-89BC-4916-9201-76F7D4639D3B} = {D6992173-AF59-4524-8C48-9B9590C70568}
		{63893073-37F9-4B4F-9E7A-8CD8950ED581} = {CAE11784-6612-4974-AE36-A424FC59F3F3}
		{8B735CF8-93A7-4902-8A9E-D8612AD25771} = {63893073-37F9-4B4F-9E7A-8CD8950ED581}
		{C1252E8D-A7FA-4D9C-B5C3-1F53AD37D3F2} = {D6992173-AF59-4524-8C48-9B9590C70568}
	EndGlobalSection
EndGlobal
